
Microsoft Visual Studio Solution File, Format Version 12.00
# Visual Studio 15
VisualStudioVersion = 15.0.28307.489
MinimumVisualStudioVersion = 10.0.40219.1
Project("{FAE04EC0-301F-11D3-BF4B-00C04F79EFBC}") = "WatchTester", "WatchTester\WatchTester.csproj", "{C8EA7E41-66B4-4C48-9A33-D7C13490FA39}"
EndProject
Project("{54435603-DBB4-11D2-8724-00A0C9A8B90C}") = "DigitalWatchWidget", "DigitalWatchWidget\DigitalWatchWidget.vdproj", "{2C96B4E5-8299-4E09-AFD8-A4AA08F23F12}"
EndProject
Project("{FAE04EC0-301F-11D3-BF4B-00C04F79EFBC}") = "Watch", "..\Пользовательские элменты управления\Watch\Watch.csproj", "{0376808B-388D-4C5D-A5C8-2A2F3D488FE7}"
EndProject
Project("{2150E333-8FDC-42A3-9474-1A3956D46DE8}") = "Solution Items", "Solution Items", "{9F92D67E-70C7-4BD8-AAF2-121273013247}"
	ProjectSection(SolutionItems) = preProject
		WatchTester\bin\Debug\Config.txt = WatchTester\bin\Debug\Config.txt
	EndProjectSection
EndProject
Global
	GlobalSection(SolutionConfigurationPlatforms) = preSolution
		Debug|Any CPU = Debug|Any CPU
		Release|Any CPU = Release|Any CPU
	EndGlobalSection
	GlobalSection(ProjectConfigurationPlatforms) = postSolution
		{C8EA7E41-66B4-4C48-9A33-D7C13490FA39}.Debug|Any CPU.ActiveCfg = Debug|Any CPU
		{C8EA7E41-66B4-4C48-9A33-D7C13490FA39}.Debug|Any CPU.Build.0 = Debug|Any CPU
		{C8EA7E41-66B4-4C48-9A33-D7C13490FA39}.Release|Any CPU.ActiveCfg = Release|Any CPU
		{C8EA7E41-66B4-4C48-9A33-D7C13490FA39}.Release|Any CPU.Build.0 = Release|Any CPU
		{2C96B4E5-8299-4E09-AFD8-A4AA08F23F12}.Debug|Any CPU.ActiveCfg = Debug
		{2C96B4E5-8299-4E09-AFD8-A4AA08F23F12}.Release|Any CPU.ActiveCfg = Release
		{0376808B-388D-4C5D-A5C8-2A2F3D488FE7}.Debug|Any CPU.ActiveCfg = Debug|Any CPU
		{0376808B-388D-4C5D-A5C8-2A2F3D488FE7}.Debug|Any CPU.Build.0 = Debug|Any CPU
		{0376808B-388D-4C5D-A5C8-2A2F3D488FE7}.Release|Any CPU.ActiveCfg = Release|Any CPU
		{0376808B-388D-4C5D-A5C8-2A2F3D488FE7}.Release|Any CPU.Build.0 = Release|Any CPU
	EndGlobalSection
	GlobalSection(SolutionProperties) = preSolution
		HideSolutionNode = FALSE
	EndGlobalSection
	GlobalSection(ExtensibilityGlobals) = postSolution
		SolutionGuid = {2034616A-7F19-4223-A207-18A37AE08D42}
	EndGlobalSection
EndGlobal
